<?xml version="1.0" encoding="utf-8"?>
<Project ToolsVersion="4.0" xmlns="http://schemas.microsoft.com/developer/msbuild/2003">
  <ItemGroup>
    <Filter Include="Source Files">
      <UniqueIdentifier>{0349fc7d-23b1-40d4-b875-a5c578a771b9}</UniqueIdentifier>
      <Extensions>cpp;c;cxx;rc;def;r;odl;idl;hpj;bat</Extensions>
    </Filter>
    <Filter Include="Header Files">
      <UniqueIdentifier>{6d6b9a52-8d0c-4324-9f2a-4281a080b679}</UniqueIdentifier>
      <Extensions>h;hpp;hxx;hm;inl</Extensions>
    </Filter>
    <Filter Include="Resource Files">
      <UniqueIdentifier>{29f5653c-6a2e-4cbd-a25b-ef21076b4e80}</UniqueIdentifier>
      <Extensions>ico;cur;bmp;dlg;rc2;rct;bin;rgs;gif;jpg;jpeg;jpe</Extensions>
    </Filter>
  </ItemGroup>
  <ItemGroup>
    <ClCompile Include="dkim.cpp">
      <Filter>Source Files</Filter>
    </ClCompile>
    <ClCompile Include="dkimbase.cpp">
      <Filter>Source Files</Filter>
    </ClCompile>
    <ClCompile Include="dkimsign.cpp">
      <Filter>Source Files</Filter>
    </ClCompile>
    <ClCompile Include="dkimverify.cpp">
      <Filter>Source Files</Filter>
    </ClCompile>
    <ClCompile Include="dns.cpp">
      <Filter>Source Files</Filter>
    </ClCompile>
    <ClCompile Include="dnsresolv.cpp">
      <Filter>Source Files</Filter>
    </ClCompile>
  </ItemGroup>
  <ItemGroup>
    <None Include="libdkim.def">
      <Filter>Source Files</Filter>
    </None>
    <None Include="README" />
    <None Include="openssl\libcrypto.def">
      <Filter>Header Files</Filter>
    </None>
    <None Include="openssl\libssl.def">
      <Filter>Header Files</Filter>
    </None>
  </ItemGroup>
  <ItemGroup>
    <ClInclude Include="dkim.h">
      <Filter>Header Files</Filter>
    </ClInclude>
    <ClInclude Include="dkimbase.h">
      <Filter>Header Files</Filter>
    </ClInclude>
    <ClInclude Include="dkimsign.h">
      <Filter>Header Files</Filter>
    </ClInclude>
    <ClInclude Include="dkimverify.h">
      <Filter>Header Files</Filter>
    </ClInclude>
    <ClInclude Include="dns.h">
      <Filter>Header Files</Filter>
    </ClInclude>
    <ClInclude Include="dnsresolv.h">
      <Filter>Header Files</Filter>
    </ClInclude>
    <ClInclude Include="resource.h">
      <Filter>Resource Files</Filter>
    </ClInclude>
  </ItemGroup>
  <ItemGroup>
    <ResourceCompile Include="libdkim.rc">
      <Filter>Resource Files</Filter>
    </ResourceCompile>
  </ItemGroup>
</Project>